
Microsoft Visual Studio Solution File, Format Version 12.00
# Visual Studio Version 17
VisualStudioVersion = 17.5.33424.131
MinimumVisualStudioVersion = 10.0.40219.1
Project("{FAE04EC0-301F-11D3-BF4B-00C04F79EFBC}") = "Task---1", "Task---1\Task---1.csproj", "{667D1CC5-C986-4E64-8B98-DE0823AD6309}"
EndProject
Project("{FAE04EC0-301F-11D3-BF4B-00C04F79EFBC}") = "Task---2", "Task---2\Task---2.csproj", "{A746EBE5-0604-4211-A065-4D4A17F6A4E4}"
EndProject
Project("{FAE04EC0-301F-11D3-BF4B-00C04F79EFBC}") = "Task---3", "Task---3\Task---3.csproj", "{B8A7ACB0-B196-4216-B569-FBB1803D12CF}"
EndProject
Global
	GlobalSection(SolutionConfigurationPlatforms) = preSolution
		Debug|Any CPU = Debug|Any CPU
		Release|Any CPU = Release|Any CPU
	EndGlobalSection
	GlobalSection(ProjectConfigurationPlatforms) = postSolution
		{667D1CC5-C986-4E64-8B98-DE0823AD6309}.Debug|Any CPU.ActiveCfg = Debug|Any CPU
		{667D1CC5-C986-4E64-8B98-DE0823AD6309}.Debug|Any CPU.Build.0 = Debug|Any CPU
		{667D1CC5-C986-4E64-8B98-DE0823AD6309}.Release|Any CPU.ActiveCfg = Release|Any CPU
		{667D1CC5-C986-4E64-8B98-DE0823AD6309}.Release|Any CPU.Build.0 = Release|Any CPU
		{A746EBE5-0604-4211-A065-4D4A17F6A4E4}.Debug|Any CPU.ActiveCfg = Debug|Any CPU
		{A746EBE5-0604-4211-A065-4D4A17F6A4E4}.Debug|Any CPU.Build.0 = Debug|Any CPU
		{A746EBE5-0604-4211-A065-4D4A17F6A4E4}.Release|Any CPU.ActiveCfg = Release|Any CPU
		{A746EBE5-0604-4211-A065-4D4A17F6A4E4}.Release|Any CPU.Build.0 = Release|Any CPU
		{B8A7ACB0-B196-4216-B569-FBB1803D12CF}.Debug|Any CPU.ActiveCfg = Debug|Any CPU
		{B8A7ACB0-B196-4216-B569-FBB1803D12CF}.Debug|Any CPU.Build.0 = Debug|Any CPU
		{B8A7ACB0-B196-4216-B569-FBB1803D12CF}.Release|Any CPU.ActiveCfg = Release|Any CPU
		{B8A7ACB0-B196-4216-B569-FBB1803D12CF}.Release|Any CPU.Build.0 = Release|Any CPU
	EndGlobalSection
	GlobalSection(SolutionProperties) = preSolution
		HideSolutionNode = FALSE
	EndGlobalSection
	GlobalSection(ExtensibilityGlobals) = postSolution
		SolutionGuid = {B798D7F0-6128-43A2-AE16-3FCE5312B84F}
	EndGlobalSection
EndGlobal
