
Microsoft Visual Studio Solution File, Format Version 12.00
# Visual Studio Version 17
VisualStudioVersion = 17.5.33424.131
MinimumVisualStudioVersion = 10.0.40219.1
Project("{FAE04EC0-301F-11D3-BF4B-00C04F79EFBC}") = "Task1", "Task1\Task1.csproj", "{17AA3565-76D3-44E0-AEC8-9702271886A9}"
EndProject
Project("{FAE04EC0-301F-11D3-BF4B-00C04F79EFBC}") = "Task2", "Task2\Task2.csproj", "{9E1583F9-4823-4197-AF45-F0FA6D4DEDD2}"
EndProject
Project("{FAE04EC0-301F-11D3-BF4B-00C04F79EFBC}") = "Task3", "Task3\Task3.csproj", "{4C185193-33D1-4C84-A29A-AE842FBAF30A}"
EndProject
Project("{FAE04EC0-301F-11D3-BF4B-00C04F79EFBC}") = "Task4", "Task4\Task4.csproj", "{5BA8899F-DCD0-4F79-B341-36AF51FC2B9A}"
EndProject
Project("{FAE04EC0-301F-11D3-BF4B-00C04F79EFBC}") = "Task5", "Task5\Task5.csproj", "{E3D2CED9-7957-4320-B528-2D5B27963032}"
EndProject
Global
	GlobalSection(SolutionConfigurationPlatforms) = preSolution
		Debug|Any CPU = Debug|Any CPU
		Release|Any CPU = Release|Any CPU
	EndGlobalSection
	GlobalSection(ProjectConfigurationPlatforms) = postSolution
		{17AA3565-76D3-44E0-AEC8-9702271886A9}.Debug|Any CPU.ActiveCfg = Debug|Any CPU
		{17AA3565-76D3-44E0-AEC8-9702271886A9}.Debug|Any CPU.Build.0 = Debug|Any CPU
		{17AA3565-76D3-44E0-AEC8-9702271886A9}.Release|Any CPU.ActiveCfg = Release|Any CPU
		{17AA3565-76D3-44E0-AEC8-9702271886A9}.Release|Any CPU.Build.0 = Release|Any CPU
		{9E1583F9-4823-4197-AF45-F0FA6D4DEDD2}.Debug|Any CPU.ActiveCfg = Debug|Any CPU
		{9E1583F9-4823-4197-AF45-F0FA6D4DEDD2}.Debug|Any CPU.Build.0 = Debug|Any CPU
		{9E1583F9-4823-4197-AF45-F0FA6D4DEDD2}.Release|Any CPU.ActiveCfg = Release|Any CPU
		{9E1583F9-4823-4197-AF45-F0FA6D4DEDD2}.Release|Any CPU.Build.0 = Release|Any CPU
		{4C185193-33D1-4C84-A29A-AE842FBAF30A}.Debug|Any CPU.ActiveCfg = Debug|Any CPU
		{4C185193-33D1-4C84-A29A-AE842FBAF30A}.Debug|Any CPU.Build.0 = Debug|Any CPU
		{4C185193-33D1-4C84-A29A-AE842FBAF30A}.Release|Any CPU.ActiveCfg = Release|Any CPU
		{4C185193-33D1-4C84-A29A-AE842FBAF30A}.Release|Any CPU.Build.0 = Release|Any CPU
		{5BA8899F-DCD0-4F79-B341-36AF51FC2B9A}.Debug|Any CPU.ActiveCfg = Debug|Any CPU
		{5BA8899F-DCD0-4F79-B341-36AF51FC2B9A}.Debug|Any CPU.Build.0 = Debug|Any CPU
		{5BA8899F-DCD0-4F79-B341-36AF51FC2B9A}.Release|Any CPU.ActiveCfg = Release|Any CPU
		{5BA8899F-DCD0-4F79-B341-36AF51FC2B9A}.Release|Any CPU.Build.0 = Release|Any CPU
		{E3D2CED9-7957-4320-B528-2D5B27963032}.Debug|Any CPU.ActiveCfg = Debug|Any CPU
		{E3D2CED9-7957-4320-B528-2D5B27963032}.Debug|Any CPU.Build.0 = Debug|Any CPU
		{E3D2CED9-7957-4320-B528-2D5B27963032}.Release|Any CPU.ActiveCfg = Release|Any CPU
		{E3D2CED9-7957-4320-B528-2D5B27963032}.Release|Any CPU.Build.0 = Release|Any CPU
	EndGlobalSection
	GlobalSection(SolutionProperties) = preSolution
		HideSolutionNode = FALSE
	EndGlobalSection
	GlobalSection(ExtensibilityGlobals) = postSolution
		SolutionGuid = {B6AA1D3D-6C16-4B7B-B1C6-C09524F40FD6}
	EndGlobalSection
EndGlobal
